
Microsoft Visual Studio Solution File, Format Version 12.00
# Visual Studio Version 17
VisualStudioVersion = 17.0.32112.339
MinimumVisualStudioVersion = 10.0.40219.1
Project("{9A19103F-16F7-4668-BE54-9A1E7A4F7556}") = "Service", "Service\Service.csproj", "{0600E920-F4A9-4403-A221-FA03B908E7FC}"
EndProject
Project("{2150E333-8FDC-42A3-9474-1A3956D46DE8}") = "Solution Items", "Solution Items", "{6B100DEE-53F4-4B85-80D0-E397A653F042}"
	ProjectSection(SolutionItems) = preProject
		.github\workflows\docker-build-push.yml = .github\workflows\docker-build-push.yml
		.github\workflows\dockerhub-description.yml = .github\workflows\dockerhub-description.yml
		README.md = README.md
	EndProjectSection
EndProject
Project("{9A19103F-16F7-4668-BE54-9A1E7A4F7556}") = "Model", "Model\Model.csproj", "{175CA85F-A210-4E23-8F9C-30B227F73A1D}"
EndProject
Project("{9A19103F-16F7-4668-BE54-9A1E7A4F7556}") = "ModelSharedOut", "ModelSharedOut\ModelSharedOut.csproj", "{7D00C38E-D009-4506-B6FE-4A2ED039CA4D}"
	ProjectSection(ProjectDependencies) = postProject
		{0600E920-F4A9-4403-A221-FA03B908E7FC} = {0600E920-F4A9-4403-A221-FA03B908E7FC}
		{175CA85F-A210-4E23-8F9C-30B227F73A1D} = {175CA85F-A210-4E23-8F9C-30B227F73A1D}
	EndProjectSection
EndProject
Project("{9A19103F-16F7-4668-BE54-9A1E7A4F7556}") = "ServiceTest", "ServiceTest\ServiceTest.csproj", "{B6BCC842-AA5A-4001-A42D-5CB45B8F6AC5}"
EndProject
Project("{9A19103F-16F7-4668-BE54-9A1E7A4F7556}") = "ModelTest", "ModelTest\ModelTest.csproj", "{E8BAB67B-27C9-4A01-812D-737A768130B4}"
EndProject
Project("{9A19103F-16F7-4668-BE54-9A1E7A4F7556}") = "WebApp", "WebApp\WebApp.csproj", "{CA557B90-68A1-4B16-8DF0-787C4FAEC877}"
EndProject
Project("{FAE04EC0-301F-11D3-BF4B-00C04F79EFBC}") = "WebPages", "WebPages\WebPages.csproj", "{86AF8344-246A-4E26-BDD7-1152242D29F4}"
EndProject
Global
	GlobalSection(SolutionConfigurationPlatforms) = preSolution
		Debug|Any CPU = Debug|Any CPU
		Debug|x64 = Debug|x64
		Debug|x86 = Debug|x86
		Release|Any CPU = Release|Any CPU
		Release|x64 = Release|x64
		Release|x86 = Release|x86
	EndGlobalSection
	GlobalSection(ProjectConfigurationPlatforms) = postSolution
		{0600E920-F4A9-4403-A221-FA03B908E7FC}.Debug|Any CPU.ActiveCfg = Debug|Any CPU
		{0600E920-F4A9-4403-A221-FA03B908E7FC}.Debug|Any CPU.Build.0 = Debug|Any CPU
		{0600E920-F4A9-4403-A221-FA03B908E7FC}.Debug|x64.ActiveCfg = Debug|Any CPU
		{0600E920-F4A9-4403-A221-FA03B908E7FC}.Debug|x64.Build.0 = Debug|Any CPU
		{0600E920-F4A9-4403-A221-FA03B908E7FC}.Debug|x86.ActiveCfg = Debug|Any CPU
		{0600E920-F4A9-4403-A221-FA03B908E7FC}.Debug|x86.Build.0 = Debug|Any CPU
		{0600E920-F4A9-4403-A221-FA03B908E7FC}.Release|Any CPU.ActiveCfg = Release|Any CPU
		{0600E920-F4A9-4403-A221-FA03B908E7FC}.Release|Any CPU.Build.0 = Release|Any CPU
		{0600E920-F4A9-4403-A221-FA03B908E7FC}.Release|x64.ActiveCfg = Release|Any CPU
		{0600E920-F4A9-4403-A221-FA03B908E7FC}.Release|x64.Build.0 = Release|Any CPU
		{0600E920-F4A9-4403-A221-FA03B908E7FC}.Release|x86.ActiveCfg = Release|Any CPU
		{0600E920-F4A9-4403-A221-FA03B908E7FC}.Release|x86.Build.0 = Release|Any CPU
		{175CA85F-A210-4E23-8F9C-30B227F73A1D}.Debug|Any CPU.ActiveCfg = Debug|Any CPU
		{175CA85F-A210-4E23-8F9C-30B227F73A1D}.Debug|Any CPU.Build.0 = Debug|Any CPU
		{175CA85F-A210-4E23-8F9C-30B227F73A1D}.Debug|x64.ActiveCfg = Debug|Any CPU
		{175CA85F-A210-4E23-8F9C-30B227F73A1D}.Debug|x64.Build.0 = Debug|Any CPU
		{175CA85F-A210-4E23-8F9C-30B227F73A1D}.Debug|x86.ActiveCfg = Debug|Any CPU
		{175CA85F-A210-4E23-8F9C-30B227F73A1D}.Debug|x86.Build.0 = Debug|Any CPU
		{175CA85F-A210-4E23-8F9C-30B227F73A1D}.Release|Any CPU.ActiveCfg = Release|Any CPU
		{175CA85F-A210-4E23-8F9C-30B227F73A1D}.Release|Any CPU.Build.0 = Release|Any CPU
		{175CA85F-A210-4E23-8F9C-30B227F73A1D}.Release|x64.ActiveCfg = Release|Any CPU
		{175CA85F-A210-4E23-8F9C-30B227F73A1D}.Release|x64.Build.0 = Release|Any CPU
		{175CA85F-A210-4E23-8F9C-30B227F73A1D}.Release|x86.ActiveCfg = Release|Any CPU
		{175CA85F-A210-4E23-8F9C-30B227F73A1D}.Release|x86.Build.0 = Release|Any CPU
		{7D00C38E-D009-4506-B6FE-4A2ED039CA4D}.Debug|Any CPU.ActiveCfg = Debug|Any CPU
		{7D00C38E-D009-4506-B6FE-4A2ED039CA4D}.Debug|Any CPU.Build.0 = Debug|Any CPU
		{7D00C38E-D009-4506-B6FE-4A2ED039CA4D}.Debug|x64.ActiveCfg = Debug|Any CPU
		{7D00C38E-D009-4506-B6FE-4A2ED039CA4D}.Debug|x64.Build.0 = Debug|Any CPU
		{7D00C38E-D009-4506-B6FE-4A2ED039CA4D}.Debug|x86.ActiveCfg = Debug|Any CPU
		{7D00C38E-D009-4506-B6FE-4A2ED039CA4D}.Debug|x86.Build.0 = Debug|Any CPU
		{7D00C38E-D009-4506-B6FE-4A2ED039CA4D}.Release|Any CPU.ActiveCfg = Release|Any CPU
		{7D00C38E-D009-4506-B6FE-4A2ED039CA4D}.Release|Any CPU.Build.0 = Release|Any CPU
		{7D00C38E-D009-4506-B6FE-4A2ED039CA4D}.Release|x64.ActiveCfg = Release|Any CPU
		{7D00C38E-D009-4506-B6FE-4A2ED039CA4D}.Release|x64.Build.0 = Release|Any CPU
		{7D00C38E-D009-4506-B6FE-4A2ED039CA4D}.Release|x86.ActiveCfg = Release|Any CPU
		{7D00C38E-D009-4506-B6FE-4A2ED039CA4D}.Release|x86.Build.0 = Release|Any CPU
		{B6BCC842-AA5A-4001-A42D-5CB45B8F6AC5}.Debug|Any CPU.ActiveCfg = Debug|Any CPU
		{B6BCC842-AA5A-4001-A42D-5CB45B8F6AC5}.Debug|Any CPU.Build.0 = Debug|Any CPU
		{B6BCC842-AA5A-4001-A42D-5CB45B8F6AC5}.Debug|x64.ActiveCfg = Debug|Any CPU
		{B6BCC842-AA5A-4001-A42D-5CB45B8F6AC5}.Debug|x64.Build.0 = Debug|Any CPU
		{B6BCC842-AA5A-4001-A42D-5CB45B8F6AC5}.Debug|x86.ActiveCfg = Debug|Any CPU
		{B6BCC842-AA5A-4001-A42D-5CB45B8F6AC5}.Debug|x86.Build.0 = Debug|Any CPU
		{B6BCC842-AA5A-4001-A42D-5CB45B8F6AC5}.Release|Any CPU.ActiveCfg = Release|Any CPU
		{B6BCC842-AA5A-4001-A42D-5CB45B8F6AC5}.Release|Any CPU.Build.0 = Release|Any CPU
		{B6BCC842-AA5A-4001-A42D-5CB45B8F6AC5}.Release|x64.ActiveCfg = Release|Any CPU
		{B6BCC842-AA5A-4001-A42D-5CB45B8F6AC5}.Release|x64.Build.0 = Release|Any CPU
		{B6BCC842-AA5A-4001-A42D-5CB45B8F6AC5}.Release|x86.ActiveCfg = Release|Any CPU
		{B6BCC842-AA5A-4001-A42D-5CB45B8F6AC5}.Release|x86.Build.0 = Release|Any CPU
		{E8BAB67B-27C9-4A01-812D-737A768130B4}.Debug|Any CPU.ActiveCfg = Debug|Any CPU
		{E8BAB67B-27C9-4A01-812D-737A768130B4}.Debug|Any CPU.Build.0 = Debug|Any CPU
		{E8BAB67B-27C9-4A01-812D-737A768130B4}.Debug|x64.ActiveCfg = Debug|Any CPU
		{E8BAB67B-27C9-4A01-812D-737A768130B4}.Debug|x64.Build.0 = Debug|Any CPU
		{E8BAB67B-27C9-4A01-812D-737A768130B4}.Debug|x86.ActiveCfg = Debug|Any CPU
		{E8BAB67B-27C9-4A01-812D-737A768130B4}.Debug|x86.Build.0 = Debug|Any CPU
		{E8BAB67B-27C9-4A01-812D-737A768130B4}.Release|Any CPU.ActiveCfg = Release|Any CPU
		{E8BAB67B-27C9-4A01-812D-737A768130B4}.Release|Any CPU.Build.0 = Release|Any CPU
		{E8BAB67B-27C9-4A01-812D-737A768130B4}.Release|x64.ActiveCfg = Release|Any CPU
		{E8BAB67B-27C9-4A01-812D-737A768130B4}.Release|x64.Build.0 = Release|Any CPU
		{E8BAB67B-27C9-4A01-812D-737A768130B4}.Release|x86.ActiveCfg = Release|Any CPU
		{E8BAB67B-27C9-4A01-812D-737A768130B4}.Release|x86.Build.0 = Release|Any CPU
		{CA557B90-68A1-4B16-8DF0-787C4FAEC877}.Debug|Any CPU.ActiveCfg = Debug|Any CPU
		{CA557B90-68A1-4B16-8DF0-787C4FAEC877}.Debug|Any CPU.Build.0 = Debug|Any CPU
		{CA557B90-68A1-4B16-8DF0-787C4FAEC877}.Debug|x64.ActiveCfg = Debug|Any CPU
		{CA557B90-68A1-4B16-8DF0-787C4FAEC877}.Debug|x64.Build.0 = Debug|Any CPU
		{CA557B90-68A1-4B16-8DF0-787C4FAEC877}.Debug|x86.ActiveCfg = Debug|Any CPU
		{CA557B90-68A1-4B16-8DF0-787C4FAEC877}.Debug|x86.Build.0 = Debug|Any CPU
		{CA557B90-68A1-4B16-8DF0-787C4FAEC877}.Release|Any CPU.ActiveCfg = Release|Any CPU
		{CA557B90-68A1-4B16-8DF0-787C4FAEC877}.Release|Any CPU.Build.0 = Release|Any CPU
		{CA557B90-68A1-4B16-8DF0-787C4FAEC877}.Release|x64.ActiveCfg = Release|Any CPU
		{CA557B90-68A1-4B16-8DF0-787C4FAEC877}.Release|x64.Build.0 = Release|Any CPU
		{CA557B90-68A1-4B16-8DF0-787C4FAEC877}.Release|x86.ActiveCfg = Release|Any CPU
		{CA557B90-68A1-4B16-8DF0-787C4FAEC877}.Release|x86.Build.0 = Release|Any CPU
		{86AF8344-246A-4E26-BDD7-1152242D29F4}.Debug|Any CPU.ActiveCfg = Debug|Any CPU
		{86AF8344-246A-4E26-BDD7-1152242D29F4}.Debug|Any CPU.Build.0 = Debug|Any CPU
		{86AF8344-246A-4E26-BDD7-1152242D29F4}.Debug|x64.ActiveCfg = Debug|Any CPU
		{86AF8344-246A-4E26-BDD7-1152242D29F4}.Debug|x64.Build.0 = Debug|Any CPU
		{86AF8344-246A-4E26-BDD7-1152242D29F4}.Debug|x86.ActiveCfg = Debug|Any CPU
		{86AF8344-246A-4E26-BDD7-1152242D29F4}.Debug|x86.Build.0 = Debug|Any CPU
		{86AF8344-246A-4E26-BDD7-1152242D29F4}.Release|Any CPU.ActiveCfg = Release|Any CPU
		{86AF8344-246A-4E26-BDD7-1152242D29F4}.Release|Any CPU.Build.0 = Release|Any CPU
		{86AF8344-246A-4E26-BDD7-1152242D29F4}.Release|x64.ActiveCfg = Release|Any CPU
		{86AF8344-246A-4E26-BDD7-1152242D29F4}.Release|x64.Build.0 = Release|Any CPU
		{86AF8344-246A-4E26-BDD7-1152242D29F4}.Release|x86.ActiveCfg = Release|Any CPU
		{86AF8344-246A-4E26-BDD7-1152242D29F4}.Release|x86.Build.0 = Release|Any CPU
	EndGlobalSection
	GlobalSection(SolutionProperties) = preSolution
		HideSolutionNode = FALSE
	EndGlobalSection
	GlobalSection(ExtensibilityGlobals) = postSolution
		SolutionGuid = {0DEB4821-24BD-44C3-8DDA-4157ED60EBC4}
	EndGlobalSection
EndGlobal
